// !$*UTF8*$!
{
	archiveVersion = 1;
	classes = {
	};
	objectVersion = 56;
	objects = {

/* Begin PBXBuildFile section */
		954086892AEBED20001479AD /* FlowStacksTestApp.swift in Sources */ = {isa = PBXBuildFile; fileRef = 954086882AEBED20001479AD /* FlowStacksTestApp.swift */; };
		9540868D2AEBED22001479AD /* Assets.xcassets in Resources */ = {isa = PBXBuildFile; fileRef = 9540868C2AEBED22001479AD /* Assets.xcassets */; };
		954086902AEBED22001479AD /* Preview Assets.xcassets in Resources */ = {isa = PBXBuildFile; fileRef = 9540868F2AEBED22001479AD /* Preview Assets.xcassets */; };
		954086982AEBED61001479AD /* AppCoordinator.swift in Sources */ = {isa = PBXBuildFile; fileRef = 954086972AEBED61001479AD /* AppCoordinator.swift */; };
		9540869B2AEBF0B1001479AD /* FlowStacks in Frameworks */ = {isa = PBXBuildFile; productRef = 9540869A2AEBF0B1001479AD /* FlowStacks */; };
		954086A42AEBF2DB001479AD /* TabsCoordinator.swift in Sources */ = {isa = PBXBuildFile; fileRef = 954086A32AEBF2DB001479AD /* TabsCoordinator.swift */; };
		954086A72AEBF618001479AD /* DemoView.swift in Sources */ = {isa = PBXBuildFile; fileRef = 954086A62AEBF618001479AD /* DemoView.swift */; };
		954086A92AEBF755001479AD /* AppCoordinatorViewModel.swift in Sources */ = {isa = PBXBuildFile; fileRef = 954086A82AEBF755001479AD /* AppCoordinatorViewModel.swift */; };
		954086AC2AEBF8B6001479AD /* StackCoordinator.swift in Sources */ = {isa = PBXBuildFile; fileRef = 954086AB2AEBF8B6001479AD /* StackCoordinator.swift */; };
		954086AE2AEBF9A1001479AD /* StackCoordinatorViewModel.swift in Sources */ = {isa = PBXBuildFile; fileRef = 954086AD2AEBF9A1001479AD /* StackCoordinatorViewModel.swift */; };
		954086B02AEBF9EF001479AD /* StackRootView.swift in Sources */ = {isa = PBXBuildFile; fileRef = 954086AF2AEBF9EF001479AD /* StackRootView.swift */; };
		954086B22AEBFA06001479AD /* StackChildView.swift in Sources */ = {isa = PBXBuildFile; fileRef = 954086B12AEBFA06001479AD /* StackChildView.swift */; };
		954086B42AEBFF71001479AD /* TabsCoordinatorViewModel.swift in Sources */ = {isa = PBXBuildFile; fileRef = 954086B32AEBFF71001479AD /* TabsCoordinatorViewModel.swift */; };
		95E71D282AEC35B9004BCFD5 /* CoordinatorModel.swift in Sources */ = {isa = PBXBuildFile; fileRef = 95E71D272AEC35B9004BCFD5 /* CoordinatorModel.swift */; };
/* End PBXBuildFile section */

/* Begin PBXFileReference section */
		954086852AEBED20001479AD /* FlowStacksTest.app */ = {isa = PBXFileReference; explicitFileType = wrapper.application; includeInIndex = 0; path = FlowStacksTest.app; sourceTree = BUILT_PRODUCTS_DIR; };
		954086882AEBED20001479AD /* FlowStacksTestApp.swift */ = {isa = PBXFileReference; lastKnownFileType = sourcecode.swift; path = FlowStacksTestApp.swift; sourceTree = "<group>"; };
		9540868C2AEBED22001479AD /* Assets.xcassets */ = {isa = PBXFileReference; lastKnownFileType = folder.assetcatalog; path = Assets.xcassets; sourceTree = "<group>"; };
		9540868F2AEBED22001479AD /* Preview Assets.xcassets */ = {isa = PBXFileReference; lastKnownFileType = folder.assetcatalog; path = "Preview Assets.xcassets"; sourceTree = "<group>"; };
		954086972AEBED61001479AD /* AppCoordinator.swift */ = {isa = PBXFileReference; lastKnownFileType = sourcecode.swift; path = AppCoordinator.swift; sourceTree = "<group>"; };
		954086A32AEBF2DB001479AD /* TabsCoordinator.swift */ = {isa = PBXFileReference; lastKnownFileType = sourcecode.swift; path = TabsCoordinator.swift; sourceTree = "<group>"; };
		954086A62AEBF618001479AD /* DemoView.swift */ = {isa = PBXFileReference; lastKnownFileType = sourcecode.swift; path = DemoView.swift; sourceTree = "<group>"; };
		954086A82AEBF755001479AD /* AppCoordinatorViewModel.swift */ = {isa = PBXFileReference; lastKnownFileType = sourcecode.swift; path = AppCoordinatorViewModel.swift; sourceTree = "<group>"; };
		954086AB2AEBF8B6001479AD /* StackCoordinator.swift */ = {isa = PBXFileReference; lastKnownFileType = sourcecode.swift; path = StackCoordinator.swift; sourceTree = "<group>"; };
		954086AD2AEBF9A1001479AD /* StackCoordinatorViewModel.swift */ = {isa = PBXFileReference; lastKnownFileType = sourcecode.swift; path = StackCoordinatorViewModel.swift; sourceTree = "<group>"; };
		954086AF2AEBF9EF001479AD /* StackRootView.swift */ = {isa = PBXFileReference; lastKnownFileType = sourcecode.swift; path = StackRootView.swift; sourceTree = "<group>"; };
		954086B12AEBFA06001479AD /* StackChildView.swift */ = {isa = PBXFileReference; lastKnownFileType = sourcecode.swift; path = StackChildView.swift; sourceTree = "<group>"; };
		954086B32AEBFF71001479AD /* TabsCoordinatorViewModel.swift */ = {isa = PBXFileReference; lastKnownFileType = sourcecode.swift; path = TabsCoordinatorViewModel.swift; sourceTree = "<group>"; };
		95E71D272AEC35B9004BCFD5 /* CoordinatorModel.swift */ = {isa = PBXFileReference; lastKnownFileType = sourcecode.swift; path = CoordinatorModel.swift; sourceTree = "<group>"; };
/* End PBXFileReference section */

/* Begin PBXFrameworksBuildPhase section */
		954086822AEBED20001479AD /* Frameworks */ = {
			isa = PBXFrameworksBuildPhase;
			buildActionMask = 2147483647;
			files = (
				9540869B2AEBF0B1001479AD /* FlowStacks in Frameworks */,
			);
			runOnlyForDeploymentPostprocessing = 0;
		};
/* End PBXFrameworksBuildPhase section */

/* Begin PBXGroup section */
		9540867C2AEBED20001479AD = {
			isa = PBXGroup;
			children = (
				954086872AEBED20001479AD /* FlowStacksTest */,
				954086862AEBED20001479AD /* Products */,
			);
			sourceTree = "<group>";
		};
		954086862AEBED20001479AD /* Products */ = {
			isa = PBXGroup;
			children = (
				954086852AEBED20001479AD /* FlowStacksTest.app */,
			);
			name = Products;
			sourceTree = "<group>";
		};
		954086872AEBED20001479AD /* FlowStacksTest */ = {
			isa = PBXGroup;
			children = (
				954086962AEBED3A001479AD /* App */,
				9540869E2AEBF293001479AD /* Tabs */,
				954086A52AEBF603001479AD /* Demo */,
				9540869D2AEBF286001479AD /* Stack */,
				95E71D262AEC35A4004BCFD5 /* Common */,
				954086882AEBED20001479AD /* FlowStacksTestApp.swift */,
				9540868C2AEBED22001479AD /* Assets.xcassets */,
				9540868E2AEBED22001479AD /* Preview Content */,
			);
			path = FlowStacksTest;
			sourceTree = "<group>";
		};
		9540868E2AEBED22001479AD /* Preview Content */ = {
			isa = PBXGroup;
			children = (
				9540868F2AEBED22001479AD /* Preview Assets.xcassets */,
			);
			path = "Preview Content";
			sourceTree = "<group>";
		};
		954086962AEBED3A001479AD /* App */ = {
			isa = PBXGroup;
			children = (
				954086972AEBED61001479AD /* AppCoordinator.swift */,
				954086A82AEBF755001479AD /* AppCoordinatorViewModel.swift */,
			);
			path = App;
			sourceTree = "<group>";
		};
		9540869D2AEBF286001479AD /* Stack */ = {
			isa = PBXGroup;
			children = (
				954086AB2AEBF8B6001479AD /* StackCoordinator.swift */,
				954086AD2AEBF9A1001479AD /* StackCoordinatorViewModel.swift */,
				954086AF2AEBF9EF001479AD /* StackRootView.swift */,
				954086B12AEBFA06001479AD /* StackChildView.swift */,
			);
			path = Stack;
			sourceTree = "<group>";
		};
		9540869E2AEBF293001479AD /* Tabs */ = {
			isa = PBXGroup;
			children = (
				954086A32AEBF2DB001479AD /* TabsCoordinator.swift */,
				954086B32AEBFF71001479AD /* TabsCoordinatorViewModel.swift */,
			);
			path = Tabs;
			sourceTree = "<group>";
		};
		954086A52AEBF603001479AD /* Demo */ = {
			isa = PBXGroup;
			children = (
				954086A62AEBF618001479AD /* DemoView.swift */,
			);
			path = Demo;
			sourceTree = "<group>";
		};
		95E71D262AEC35A4004BCFD5 /* Common */ = {
			isa = PBXGroup;
			children = (
				95E71D272AEC35B9004BCFD5 /* CoordinatorModel.swift */,
			);
			path = Common;
			sourceTree = "<group>";
		};
/* End PBXGroup section */

/* Begin PBXNativeTarget section */
		954086842AEBED20001479AD /* FlowStacksTest */ = {
			isa = PBXNativeTarget;
			buildConfigurationList = 954086932AEBED22001479AD /* Build configuration list for PBXNativeTarget "FlowStacksTest" */;
			buildPhases = (
				954086812AEBED20001479AD /* Sources */,
				954086822AEBED20001479AD /* Frameworks */,
				954086832AEBED20001479AD /* Resources */,
			);
			buildRules = (
			);
			dependencies = (
			);
			name = FlowStacksTest;
			packageProductDependencies = (
				9540869A2AEBF0B1001479AD /* FlowStacks */,
			);
			productName = FlowStacksTest;
			productReference = 954086852AEBED20001479AD /* FlowStacksTest.app */;
			productType = "com.apple.product-type.application";
		};
/* End PBXNativeTarget section */

/* Begin PBXProject section */
		9540867D2AEBED20001479AD /* Project object */ = {
			isa = PBXProject;
			attributes = {
				BuildIndependentTargetsInParallel = 1;
				LastSwiftUpdateCheck = 1500;
				LastUpgradeCheck = 1500;
				TargetAttributes = {
					954086842AEBED20001479AD = {
						CreatedOnToolsVersion = 15.0.1;
					};
				};
			};
			buildConfigurationList = 954086802AEBED20001479AD /* Build configuration list for PBXProject "FlowStacksTest" */;
			compatibilityVersion = "Xcode 14.0";
			developmentRegion = en;
			hasScannedForEncodings = 0;
			knownRegions = (
				en,
				Base,
			);
			mainGroup = 9540867C2AEBED20001479AD;
			packageReferences = (
				954086992AEBF0B1001479AD /* XCRemoteSwiftPackageReference "FlowStacks" */,
			);
			productRefGroup = 954086862AEBED20001479AD /* Products */;
			projectDirPath = "";
			projectRoot = "";
			targets = (
				954086842AEBED20001479AD /* FlowStacksTest */,
			);
		};
/* End PBXProject section */

/* Begin PBXResourcesBuildPhase section */
		954086832AEBED20001479AD /* Resources */ = {
			isa = PBXResourcesBuildPhase;
			buildActionMask = 2147483647;
			files = (
				954086902AEBED22001479AD /* Preview Assets.xcassets in Resources */,
				9540868D2AEBED22001479AD /* Assets.xcassets in Resources */,
			);
			runOnlyForDeploymentPostprocessing = 0;
		};
/* End PBXResourcesBuildPhase section */

/* Begin PBXSourcesBuildPhase section */
		954086812AEBED20001479AD /* Sources */ = {
			isa = PBXSourcesBuildPhase;
			buildActionMask = 2147483647;
			files = (
				954086B02AEBF9EF001479AD /* StackRootView.swift in Sources */,
				954086B42AEBFF71001479AD /* TabsCoordinatorViewModel.swift in Sources */,
				954086A92AEBF755001479AD /* AppCoordinatorViewModel.swift in Sources */,
				954086982AEBED61001479AD /* AppCoordinator.swift in Sources */,
				95E71D282AEC35B9004BCFD5 /* CoordinatorModel.swift in Sources */,
				954086AC2AEBF8B6001479AD /* StackCoordinator.swift in Sources */,
				954086AE2AEBF9A1001479AD /* StackCoordinatorViewModel.swift in Sources */,
				954086A42AEBF2DB001479AD /* TabsCoordinator.swift in Sources */,
				954086B22AEBFA06001479AD /* StackChildView.swift in Sources */,
				954086A72AEBF618001479AD /* DemoView.swift in Sources */,
				954086892AEBED20001479AD /* FlowStacksTestApp.swift in Sources */,
			);
			runOnlyForDeploymentPostprocessing = 0;
		};
/* End PBXSourcesBuildPhase section */

/* Begin XCBuildConfiguration section */
		954086912AEBED22001479AD /* Debug */ = {
			isa = XCBuildConfiguration;
			buildSettings = {
				ALWAYS_SEARCH_USER_PATHS = NO;
				ASSETCATALOG_COMPILER_GENERATE_SWIFT_ASSET_SYMBOL_EXTENSIONS = YES;
				CLANG_ANALYZER_NONNULL = YES;
				CLANG_ANALYZER_NUMBER_OBJECT_CONVERSION = YES_AGGRESSIVE;
				CLANG_CXX_LANGUAGE_STANDARD = "gnu++20";
				CLANG_ENABLE_MODULES = YES;
				CLANG_ENABLE_OBJC_ARC = YES;
				CLANG_ENABLE_OBJC_WEAK = YES;
				CLANG_WARN_BLOCK_CAPTURE_AUTORELEASING = YES;
				CLANG_WARN_BOOL_CONVERSION = YES;
				CLANG_WARN_COMMA = YES;
				CLANG_WARN_CONSTANT_CONVERSION = YES;
				CLANG_WARN_DEPRECATED_OBJC_IMPLEMENTATIONS = YES;
				CLANG_WARN_DIRECT_OBJC_ISA_USAGE = YES_ERROR;
				CLANG_WARN_DOCUMENTATION_COMMENTS = YES;
				CLANG_WARN_EMPTY_BODY = YES;
				CLANG_WARN_ENUM_CONVERSION = YES;
				CLANG_WARN_INFINITE_RECURSION = YES;
				CLANG_WARN_INT_CONVERSION = YES;
				CLANG_WARN_NON_LITERAL_NULL_CONVERSION = YES;
				CLANG_WARN_OBJC_IMPLICIT_RETAIN_SELF = YES;
				CLANG_WARN_OBJC_LITERAL_CONVERSION = YES;
				CLANG_WARN_OBJC_ROOT_CLASS = YES_ERROR;
				CLANG_WARN_QUOTED_INCLUDE_IN_FRAMEWORK_HEADER = YES;
				CLANG_WARN_RANGE_LOOP_ANALYSIS = YES;
				CLANG_WARN_STRICT_PROTOTYPES = YES;
				CLANG_WARN_SUSPICIOUS_MOVE = YES;
				CLANG_WARN_UNGUARDED_AVAILABILITY = YES_AGGRESSIVE;
				CLANG_WARN_UNREACHABLE_CODE = YES;
				CLANG_WARN__DUPLICATE_METHOD_MATCH = YES;
				COPY_PHASE_STRIP = NO;
				DEBUG_INFORMATION_FORMAT = dwarf;
				ENABLE_STRICT_OBJC_MSGSEND = YES;
				ENABLE_TESTABILITY = YES;
				ENABLE_USER_SCRIPT_SANDBOXING = YES;
				GCC_C_LANGUAGE_STANDARD = gnu17;
				GCC_DYNAMIC_NO_PIC = NO;
				GCC_NO_COMMON_BLOCKS = YES;
				GCC_OPTIMIZATION_LEVEL = 0;
				GCC_PREPROCESSOR_DEFINITIONS = (
					"DEBUG=1",
					"$(inherited)",
				);
				GCC_WARN_64_TO_32_BIT_CONVERSION = YES;
				GCC_WARN_ABOUT_RETURN_TYPE = YES_ERROR;
				GCC_WARN_UNDECLARED_SELECTOR = YES;
				GCC_WARN_UNINITIALIZED_AUTOS = YES_AGGRESSIVE;
				GCC_WARN_UNUSED_FUNCTION = YES;
				GCC_WARN_UNUSED_VARIABLE = YES;
				IPHONEOS_DEPLOYMENT_TARGET = 17.0;
				LOCALIZATION_PREFERS_STRING_CATALOGS = YES;
				MTL_ENABLE_DEBUG_INFO = INCLUDE_SOURCE;
				MTL_FAST_MATH = YES;
				ONLY_ACTIVE_ARCH = YES;
				SDKROOT = iphoneos;
				SWIFT_ACTIVE_COMPILATION_CONDITIONS = "DEBUG $(inherited)";
				SWIFT_OPTIMIZATION_LEVEL = "-Onone";
			};
			name = Debug;
		};
		954086922AEBED22001479AD /* Release */ = {
			isa = XCBuildConfiguration;
			buildSettings = {
				ALWAYS_SEARCH_USER_PATHS = NO;
				ASSETCATALOG_COMPILER_GENERATE_SWIFT_ASSET_SYMBOL_EXTENSIONS = YES;
				CLANG_ANALYZER_NONNULL = YES;
				CLANG_ANALYZER_NUMBER_OBJECT_CONVERSION = YES_AGGRESSIVE;
				CLANG_CXX_LANGUAGE_STANDARD = "gnu++20";
				CLANG_ENABLE_MODULES = YES;
				CLANG_ENABLE_OBJC_ARC = YES;
				CLANG_ENABLE_OBJC_WEAK = YES;
				CLANG_WARN_BLOCK_CAPTURE_AUTORELEASING = YES;
				CLANG_WARN_BOOL_CONVERSION = YES;
				CLANG_WARN_COMMA = YES;
				CLANG_WARN_CONSTANT_CONVERSION = YES;
				CLANG_WARN_DEPRECATED_OBJC_IMPLEMENTATIONS = YES;
				CLANG_WARN_DIRECT_OBJC_ISA_USAGE = YES_ERROR;
				CLANG_WARN_DOCUMENTATION_COMMENTS = YES;
				CLANG_WARN_EMPTY_BODY = YES;
				CLANG_WARN_ENUM_CONVERSION = YES;
				CLANG_WARN_INFINITE_RECURSION = YES;
				CLANG_WARN_INT_CONVERSION = YES;
				CLANG_WARN_NON_LITERAL_NULL_CONVERSION = YES;
				CLANG_WARN_OBJC_IMPLICIT_RETAIN_SELF = YES;
				CLANG_WARN_OBJC_LITERAL_CONVERSION = YES;
				CLANG_WARN_OBJC_ROOT_CLASS = YES_ERROR;
				CLANG_WARN_QUOTED_INCLUDE_IN_FRAMEWORK_HEADER = YES;
				CLANG_WARN_RANGE_LOOP_ANALYSIS = YES;
				CLANG_WARN_STRICT_PROTOTYPES = YES;
				CLANG_WARN_SUSPICIOUS_MOVE = YES;
				CLANG_WARN_UNGUARDED_AVAILABILITY = YES_AGGRESSIVE;
				CLANG_WARN_UNREACHABLE_CODE = YES;
				CLANG_WARN__DUPLICATE_METHOD_MATCH = YES;
				COPY_PHASE_STRIP = NO;
				DEBUG_INFORMATION_FORMAT = "dwarf-with-dsym";
				ENABLE_NS_ASSERTIONS = NO;
				ENABLE_STRICT_OBJC_MSGSEND = YES;
				ENABLE_USER_SCRIPT_SANDBOXING = YES;
				GCC_C_LANGUAGE_STANDARD = gnu17;
				GCC_NO_COMMON_BLOCKS = YES;
				GCC_WARN_64_TO_32_BIT_CONVERSION = YES;
				GCC_WARN_ABOUT_RETURN_TYPE = YES_ERROR;
				GCC_WARN_UNDECLARED_SELECTOR = YES;
				GCC_WARN_UNINITIALIZED_AUTOS = YES_AGGRESSIVE;
				GCC_WARN_UNUSED_FUNCTION = YES;
				GCC_WARN_UNUSED_VARIABLE = YES;
				IPHONEOS_DEPLOYMENT_TARGET = 17.0;
				LOCALIZATION_PREFERS_STRING_CATALOGS = YES;
				MTL_ENABLE_DEBUG_INFO = NO;
				MTL_FAST_MATH = YES;
				SDKROOT = iphoneos;
				SWIFT_COMPILATION_MODE = wholemodule;
				VALIDATE_PRODUCT = YES;
			};
			name = Release;
		};
		954086942AEBED22001479AD /* Debug */ = {
			isa = XCBuildConfiguration;
			buildSettings = {
				ASSETCATALOG_COMPILER_APPICON_NAME = AppIcon;
				ASSETCATALOG_COMPILER_GLOBAL_ACCENT_COLOR_NAME = AccentColor;
				CODE_SIGN_STYLE = Automatic;
				CURRENT_PROJECT_VERSION = 1;
				DEVELOPMENT_ASSET_PATHS = "\"FlowStacksTest/Preview Content\"";
				ENABLE_PREVIEWS = YES;
				GENERATE_INFOPLIST_FILE = YES;
				INFOPLIST_KEY_CFBundleDisplayName = FlowStacksTest;
				INFOPLIST_KEY_UIApplicationSceneManifest_Generation = YES;
				INFOPLIST_KEY_UIApplicationSupportsIndirectInputEvents = YES;
				INFOPLIST_KEY_UILaunchScreen_Generation = YES;
				INFOPLIST_KEY_UISupportedInterfaceOrientations = UIInterfaceOrientationPortrait;
				IPHONEOS_DEPLOYMENT_TARGET = 15.0;
				LD_RUNPATH_SEARCH_PATHS = (
					"$(inherited)",
					"@executable_path/Frameworks",
				);
				MARKETING_VERSION = 1.0;
				PRODUCT_BUNDLE_IDENTIFIER = com.rdonnelly.FlowStacksTest;
				PRODUCT_NAME = "$(TARGET_NAME)";
				SUPPORTED_PLATFORMS = "iphoneos iphonesimulator";
				SUPPORTS_MACCATALYST = NO;
				SUPPORTS_MAC_DESIGNED_FOR_IPHONE_IPAD = NO;
				SWIFT_EMIT_LOC_STRINGS = YES;
				SWIFT_VERSION = 5.0;
				TARGETED_DEVICE_FAMILY = "1,2";
			};
			name = Debug;
		};
		954086952AEBED22001479AD /* Release */ = {
			isa = XCBuildConfiguration;
			buildSettings = {
				ASSETCATALOG_COMPILER_APPICON_NAME = AppIcon;
				ASSETCATALOG_COMPILER_GLOBAL_ACCENT_COLOR_NAME = AccentColor;
				CODE_SIGN_STYLE = Automatic;
				CURRENT_PROJECT_VERSION = 1;
				DEVELOPMENT_ASSET_PATHS = "\"FlowStacksTest/Preview Content\"";
				ENABLE_PREVIEWS = YES;
				GENERATE_INFOPLIST_FILE = YES;
				INFOPLIST_KEY_CFBundleDisplayName = FlowStacksTest;
				INFOPLIST_KEY_UIApplicationSceneManifest_Generation = YES;
				INFOPLIST_KEY_UIApplicationSupportsIndirectInputEvents = YES;
				INFOPLIST_KEY_UILaunchScreen_Generation = YES;
				INFOPLIST_KEY_UISupportedInterfaceOrientations = UIInterfaceOrientationPortrait;
				IPHONEOS_DEPLOYMENT_TARGET = 15.0;
				LD_RUNPATH_SEARCH_PATHS = (
					"$(inherited)",
					"@executable_path/Frameworks",
				);
				MARKETING_VERSION = 1.0;
				PRODUCT_BUNDLE_IDENTIFIER = com.rdonnelly.FlowStacksTest;
				PRODUCT_NAME = "$(TARGET_NAME)";
				SUPPORTED_PLATFORMS = "iphoneos iphonesimulator";
				SUPPORTS_MACCATALYST = NO;
				SUPPORTS_MAC_DESIGNED_FOR_IPHONE_IPAD = NO;
				SWIFT_EMIT_LOC_STRINGS = YES;
				SWIFT_VERSION = 5.0;
				TARGETED_DEVICE_FAMILY = "1,2";
			};
			name = Release;
		};
/* End XCBuildConfiguration section */

/* Begin XCConfigurationList section */
		954086802AEBED20001479AD /* Build configuration list for PBXProject "FlowStacksTest" */ = {
			isa = XCConfigurationList;
			buildConfigurations = (
				954086912AEBED22001479AD /* Debug */,
				954086922AEBED22001479AD /* Release */,
			);
			defaultConfigurationIsVisible = 0;
			defaultConfigurationName = Release;
		};
		954086932AEBED22001479AD /* Build configuration list for PBXNativeTarget "FlowStacksTest" */ = {
			isa = XCConfigurationList;
			buildConfigurations = (
				954086942AEBED22001479AD /* Debug */,
				954086952AEBED22001479AD /* Release */,
			);
			defaultConfigurationIsVisible = 0;
			defaultConfigurationName = Release;
		};
/* End XCConfigurationList section */

/* Begin XCRemoteSwiftPackageReference section */
		954086992AEBF0B1001479AD /* XCRemoteSwiftPackageReference "FlowStacks" */ = {
			isa = XCRemoteSwiftPackageReference;
			repositoryURL = "https://github.com/johnpatrickmorgan/FlowStacks";
			requirement = {
				kind = exactVersion;
				version = 0.3.4;
			};
		};
/* End XCRemoteSwiftPackageReference section */

/* Begin XCSwiftPackageProductDependency section */
		9540869A2AEBF0B1001479AD /* FlowStacks */ = {
			isa = XCSwiftPackageProductDependency;
			package = 954086992AEBF0B1001479AD /* XCRemoteSwiftPackageReference "FlowStacks" */;
			productName = FlowStacks;
		};
/* End XCSwiftPackageProductDependency section */
	};
	rootObject = 9540867D2AEBED20001479AD /* Project object */;
}
